
Microsoft Visual Studio Solution File, Format Version 12.00
# Visual Studio Version 17
VisualStudioVersion = 17.9.34526.213
MinimumVisualStudioVersion = 10.0.40219.1
Project("{9A19103F-16F7-4668-BE54-9A1E7A4F7556}") = "Coin Wave", "Coin Wave\Coin Wave.csproj", "{2054DA7C-3D27-459E-803F-7DD57C3EB323}"
EndProject
Project("{9A19103F-16F7-4668-BE54-9A1E7A4F7556}") = "Coin Wave Lib", "Coin Wave Lib\Coin Wave Lib.csproj", "{EC4C8D3A-E726-4CF3-8945-05B1D78C5012}"
EndProject
Project("{2150E333-8FDC-42A3-9474-1A3956D46DE8}") = "Solution Items", "Solution Items", "{43164E8C-7B93-4D5D-9344-8801CCF2B916}"
	ProjectSection(SolutionItems) = preProject
		.editorconfig = .editorconfig
	EndProjectSection
EndProject
Project("{FAE04EC0-301F-11D3-BF4B-00C04F79EFBC}") = "Консольный проектик", "Консольный проектик\Консольный проектик.csproj", "{C0FB7EE9-A1AB-48C7-BA06-903FE8949A1D}"
EndProject
Global
	GlobalSection(SolutionConfigurationPlatforms) = preSolution
		Debug|Any CPU = Debug|Any CPU
		Release|Any CPU = Release|Any CPU
	EndGlobalSection
	GlobalSection(ProjectConfigurationPlatforms) = postSolution
		{2054DA7C-3D27-459E-803F-7DD57C3EB323}.Debug|Any CPU.ActiveCfg = Debug|Any CPU
		{2054DA7C-3D27-459E-803F-7DD57C3EB323}.Debug|Any CPU.Build.0 = Debug|Any CPU
		{2054DA7C-3D27-459E-803F-7DD57C3EB323}.Release|Any CPU.ActiveCfg = Release|Any CPU
		{2054DA7C-3D27-459E-803F-7DD57C3EB323}.Release|Any CPU.Build.0 = Release|Any CPU
		{EC4C8D3A-E726-4CF3-8945-05B1D78C5012}.Debug|Any CPU.ActiveCfg = Debug|Any CPU
		{EC4C8D3A-E726-4CF3-8945-05B1D78C5012}.Debug|Any CPU.Build.0 = Debug|Any CPU
		{EC4C8D3A-E726-4CF3-8945-05B1D78C5012}.Release|Any CPU.ActiveCfg = Release|Any CPU
		{EC4C8D3A-E726-4CF3-8945-05B1D78C5012}.Release|Any CPU.Build.0 = Release|Any CPU
		{C0FB7EE9-A1AB-48C7-BA06-903FE8949A1D}.Debug|Any CPU.ActiveCfg = Debug|Any CPU
		{C0FB7EE9-A1AB-48C7-BA06-903FE8949A1D}.Debug|Any CPU.Build.0 = Debug|Any CPU
		{C0FB7EE9-A1AB-48C7-BA06-903FE8949A1D}.Release|Any CPU.ActiveCfg = Release|Any CPU
		{C0FB7EE9-A1AB-48C7-BA06-903FE8949A1D}.Release|Any CPU.Build.0 = Release|Any CPU
	EndGlobalSection
	GlobalSection(SolutionProperties) = preSolution
		HideSolutionNode = FALSE
	EndGlobalSection
	GlobalSection(ExtensibilityGlobals) = postSolution
		SolutionGuid = {6EF0182B-0A33-47EA-88C2-1CCE82109C17}
	EndGlobalSection
EndGlobal
